
Microsoft Visual Studio Solution File, Format Version 12.00
Project("{FAE04EC0-301F-11D3-BF4B-00C04F79EFBC}") = "jellyfin-ani-sync-unit-tests", "jellyfin-ani-sync-unit-tests\jellyfin-ani-sync-unit-tests.csproj", "{FAD3F87D-5169-4DDF-AD17-0861CD39C180}"
EndProject
Global
	GlobalSection(SolutionConfigurationPlatforms) = preSolution
		Debug|Any CPU = Debug|Any CPU
		Release|Any CPU = Release|Any CPU
	EndGlobalSection
	GlobalSection(ProjectConfigurationPlatforms) = postSolution
		{FAD3F87D-5169-4DDF-AD17-0861CD39C180}.Debug|Any CPU.ActiveCfg = Debug|Any CPU
		{FAD3F87D-5169-4DDF-AD17-0861CD39C180}.Debug|Any CPU.Build.0 = Debug|Any CPU
		{FAD3F87D-5169-4DDF-AD17-0861CD39C180}.Release|Any CPU.ActiveCfg = Release|Any CPU
		{FAD3F87D-5169-4DDF-AD17-0861CD39C180}.Release|Any CPU.Build.0 = Release|Any CPU
	EndGlobalSection
EndGlobal
